{
  "name": "aws-documents-pipelines",
  "lockfileVersion": 3,
  "requires": true,
  "packages": {
    "": {
      "devDependencies": {
        "serverless-aws-documentation": "^1.1.0",
        "serverless-reqvalidator-plugin": "^3.1.0"
      }
    },
    "node_modules/object-hash": {
      "version": "1.3.1",
      "resolved": "https://registry.npmjs.org/object-hash/-/object-hash-1.3.1.tgz",
      "integrity": "sha512-OSuu/pU4ENM9kmREg0BdNrUDIl1heYa4mBZacJc+vVWz4GtAwu7jO8s4AIt2aGRUTqxykpWzI3Oqnsm13tTMDA==",
      "dev": true,
      "engines": {
        "node": ">= 0.10.0"
      }
    },
    "node_modules/serverless-aws-documentation": {
      "version": "1.1.0",
      "resolved": "https://registry.npmjs.org/serverless-aws-documentation/-/serverless-aws-documentation-1.1.0.tgz",
      "integrity": "sha512-b2iM1eZIWxQjAa6RNnARq+iXgiffbtSmKnZUh7l8KOkaD/BapqfOkKKi6MGxp3KxQFkW31sVsAiqJ0NQSSyXOw==",
      "dev": true,
      "dependencies": {
        "object-hash": "^1.1.7"
      }
    },
    "node_modules/serverless-reqvalidator-plugin": {
      "version": "3.1.0",
      "resolved": "https://registry.npmjs.org/serverless-reqvalidator-plugin/-/serverless-reqvalidator-plugin-3.1.0.tgz",
      "integrity": "sha512-vXr816bcuL5J3+4NCnl342l6ILQhirwpXhO2Yln63lz+rzqdDewC6fwwipDpLTxoR8lV/5WMJwfkhwD4el6AnA==",
      "dev": true
    }
  }
}
